// !$*UTF8*$!
{
	archiveVersion = 1;
	classes = {
	};
	objectVersion = 46;
	objects = {

/* Begin PBXBuildFile section */
		4837DB341BF2006800CBA1F8 /* AppDelegate.swift in Sources */ = {isa = PBXBuildFile; fileRef = 4837DB331BF2006800CBA1F8 /* AppDelegate.swift */; };
		4837DB361BF2006800CBA1F8 /* ViewController.swift in Sources */ = {isa = PBXBuildFile; fileRef = 4837DB351BF2006800CBA1F8 /* ViewController.swift */; };
		4837DB391BF2006800CBA1F8 /* Main.storyboard in Resources */ = {isa = PBXBuildFile; fileRef = 4837DB371BF2006800CBA1F8 /* Main.storyboard */; };
		4837DB3B1BF2006800CBA1F8 /* Assets.xcassets in Resources */ = {isa = PBXBuildFile; fileRef = 4837DB3A1BF2006800CBA1F8 /* Assets.xcassets */; };
		4837DB3E1BF2006800CBA1F8 /* LaunchScreen.storyboard in Resources */ = {isa = PBXBuildFile; fileRef = 4837DB3C1BF2006800CBA1F8 /* LaunchScreen.storyboard */; };
		4837DB491BF2006800CBA1F8 /* Session1CodeChallenge3Tests.swift in Sources */ = {isa = PBXBuildFile; fileRef = 4837DB481BF2006800CBA1F8 /* Session1CodeChallenge3Tests.swift */; };
/* End PBXBuildFile section */

/* Begin PBXContainerItemProxy section */
		4837DB451BF2006800CBA1F8 /* PBXContainerItemProxy */ = {
			isa = PBXContainerItemProxy;
			containerPortal = 4837DB281BF2006800CBA1F8 /* Project object */;
			proxyType = 1;
			remoteGlobalIDString = 4837DB2F1BF2006800CBA1F8;
			remoteInfo = Session1CodeChallenge3;
		};
/* End PBXContainerItemProxy section */

/* Begin PBXFileReference section */
		4837DB301BF2006800CBA1F8 /* Session1CodeChallenge3.app */ = {isa = PBXFileReference; explicitFileType = wrapper.application; includeInIndex = 0; path = Session1CodeChallenge3.app; sourceTree = BUILT_PRODUCTS_DIR; };
		4837DB331BF2006800CBA1F8 /* AppDelegate.swift */ = {isa = PBXFileReference; lastKnownFileType = sourcecode.swift; path = AppDelegate.swift; sourceTree = "<group>"; };
		4837DB351BF2006800CBA1F8 /* ViewController.swift */ = {isa = PBXFileReference; lastKnownFileType = sourcecode.swift; path = ViewController.swift; sourceTree = "<group>"; };
		4837DB381BF2006800CBA1F8 /* Base */ = {isa = PBXFileReference; lastKnownFileType = file.storyboard; name = Base; path = Base.lproj/Main.storyboard; sourceTree = "<group>"; };
		4837DB3A1BF2006800CBA1F8 /* Assets.xcassets */ = {isa = PBXFileReference; lastKnownFileType = folder.assetcatalog; path = Assets.xcassets; sourceTree = "<group>"; };
		4837DB3D1BF2006800CBA1F8 /* Base */ = {isa = PBXFileReference; lastKnownFileType = file.storyboard; name = Base; path = Base.lproj/LaunchScreen.storyboard; sourceTree = "<group>"; };
		4837DB3F1BF2006800CBA1F8 /* Info.plist */ = {isa = PBXFileReference; lastKnownFileType = text.plist.xml; path = Info.plist; sourceTree = "<group>"; };
		4837DB441BF2006800CBA1F8 /* Session1CodeChallenge3Tests.xctest */ = {isa = PBXFileReference; explicitFileType = wrapper.cfbundle; includeInIndex = 0; path = Session1CodeChallenge3Tests.xctest; sourceTree = BUILT_PRODUCTS_DIR; };
		4837DB481BF2006800CBA1F8 /* Session1CodeChallenge3Tests.swift */ = {isa = PBXFileReference; lastKnownFileType = sourcecode.swift; path = Session1CodeChallenge3Tests.swift; sourceTree = "<group>"; };
		4837DB4A1BF2006800CBA1F8 /* Info.plist */ = {isa = PBXFileReference; lastKnownFileType = text.plist.xml; path = Info.plist; sourceTree = "<group>"; };
/* End PBXFileReference section */

/* Begin PBXFrameworksBuildPhase section */
		4837DB2D1BF2006800CBA1F8 /* Frameworks */ = {
			isa = PBXFrameworksBuildPhase;
			buildActionMask = 2147483647;
			files = (
			);
			runOnlyForDeploymentPostprocessing = 0;
		};
		4837DB411BF2006800CBA1F8 /* Frameworks */ = {
			isa = PBXFrameworksBuildPhase;
			buildActionMask = 2147483647;
			files = (
			);
			runOnlyForDeploymentPostprocessing = 0;
		};
/* End PBXFrameworksBuildPhase section */

/* Begin PBXGroup section */
		4837DB271BF2006800CBA1F8 = {
			isa = PBXGroup;
			children = (
				4837DB321BF2006800CBA1F8 /* Session1CodeChallenge3 */,
				4837DB471BF2006800CBA1F8 /* Session1CodeChallenge3Tests */,
				4837DB311BF2006800CBA1F8 /* Products */,
			);
			sourceTree = "<group>";
		};
		4837DB311BF2006800CBA1F8 /* Products */ = {
			isa = PBXGroup;
			children = (
				4837DB301BF2006800CBA1F8 /* Session1CodeChallenge3.app */,
				4837DB441BF2006800CBA1F8 /* Session1CodeChallenge3Tests.xctest */,
			);
			name = Products;
			sourceTree = "<group>";
		};
		4837DB321BF2006800CBA1F8 /* Session1CodeChallenge3 */ = {
			isa = PBXGroup;
			children = (
				4837DB331BF2006800CBA1F8 /* AppDelegate.swift */,
				4837DB351BF2006800CBA1F8 /* ViewController.swift */,
				4837DB371BF2006800CBA1F8 /* Main.storyboard */,
				4837DB3A1BF2006800CBA1F8 /* Assets.xcassets */,
				4837DB3C1BF2006800CBA1F8 /* LaunchScreen.storyboard */,
				4837DB3F1BF2006800CBA1F8 /* Info.plist */,
			);
			path = Session1CodeChallenge3;
			sourceTree = "<group>";
		};
		4837DB471BF2006800CBA1F8 /* Session1CodeChallenge3Tests */ = {
			isa = PBXGroup;
			children = (
				4837DB481BF2006800CBA1F8 /* Session1CodeChallenge3Tests.swift */,
				4837DB4A1BF2006800CBA1F8 /* Info.plist */,
			);
			path = Session1CodeChallenge3Tests;
			sourceTree = "<group>";
		};
/* End PBXGroup section */

/* Begin PBXNativeTarget section */
		4837DB2F1BF2006800CBA1F8 /* Session1CodeChallenge3 */ = {
			isa = PBXNativeTarget;
			buildConfigurationList = 4837DB4D1BF2006800CBA1F8 /* Build configuration list for PBXNativeTarget "Session1CodeChallenge3" */;
			buildPhases = (
				4837DB2C1BF2006800CBA1F8 /* Sources */,
				4837DB2D1BF2006800CBA1F8 /* Frameworks */,
				4837DB2E1BF2006800CBA1F8 /* Resources */,
			);
			buildRules = (
			);
			dependencies = (
			);
			name = Session1CodeChallenge3;
			productName = Session1CodeChallenge3;
			productReference = 4837DB301BF2006800CBA1F8 /* Session1CodeChallenge3.app */;
			productType = "com.apple.product-type.application";
		};
		4837DB431BF2006800CBA1F8 /* Session1CodeChallenge3Tests */ = {
			isa = PBXNativeTarget;
			buildConfigurationList = 4837DB501BF2006800CBA1F8 /* Build configuration list for PBXNativeTarget "Session1CodeChallenge3Tests" */;
			buildPhases = (
				4837DB401BF2006800CBA1F8 /* Sources */,
				4837DB411BF2006800CBA1F8 /* Frameworks */,
				4837DB421BF2006800CBA1F8 /* Resources */,
			);
			buildRules = (
			);
			dependencies = (
				4837DB461BF2006800CBA1F8 /* PBXTargetDependency */,
			);
			name = Session1CodeChallenge3Tests;
			productName = Session1CodeChallenge3Tests;
			productReference = 4837DB441BF2006800CBA1F8 /* Session1CodeChallenge3Tests.xctest */;
			productType = "com.apple.product-type.bundle.unit-test";
		};
/* End PBXNativeTarget section */

/* Begin PBXProject section */
		4837DB281BF2006800CBA1F8 /* Project object */ = {
			isa = PBXProject;
			attributes = {
				LastSwiftUpdateCheck = 0710;
				LastUpgradeCheck = 0710;
				ORGANIZATIONNAME = "Ravi Shankar";
				TargetAttributes = {
					4837DB2F1BF2006800CBA1F8 = {
						CreatedOnToolsVersion = 7.1;
					};
					4837DB431BF2006800CBA1F8 = {
						CreatedOnToolsVersion = 7.1;
						TestTargetID = 4837DB2F1BF2006800CBA1F8;
					};
				};
			};
			buildConfigurationList = 4837DB2B1BF2006800CBA1F8 /* Build configuration list for PBXProject "Session1CodeChallenge3" */;
			compatibilityVersion = "Xcode 3.2";
			developmentRegion = English;
			hasScannedForEncodings = 0;
			knownRegions = (
				en,
				Base,
			);
			mainGroup = 4837DB271BF2006800CBA1F8;
			productRefGroup = 4837DB311BF2006800CBA1F8 /* Products */;
			projectDirPath = "";
			projectRoot = "";
			targets = (
				4837DB2F1BF2006800CBA1F8 /* Session1CodeChallenge3 */,
				4837DB431BF2006800CBA1F8 /* Session1CodeChallenge3Tests */,
			);
		};
/* End PBXProject section */

/* Begin PBXResourcesBuildPhase section */
		4837DB2E1BF2006800CBA1F8 /* Resources */ = {
			isa = PBXResourcesBuildPhase;
			buildActionMask = 2147483647;
			files = (
				4837DB3E1BF2006800CBA1F8 /* LaunchScreen.storyboard in Resources */,
				4837DB3B1BF2006800CBA1F8 /* Assets.xcassets in Resources */,
				4837DB391BF2006800CBA1F8 /* Main.storyboard in Resources */,
			);
			runOnlyForDeploymentPostprocessing = 0;
		};
		4837DB421BF2006800CBA1F8 /* Resources */ = {
			isa = PBXResourcesBuildPhase;
			buildActionMask = 2147483647;
			files = (
			);
			runOnlyForDeploymentPostprocessing = 0;
		};
/* End PBXResourcesBuildPhase section */

/* Begin PBXSourcesBuildPhase section */
		4837DB2C1BF2006800CBA1F8 /* Sources */ = {
			isa = PBXSourcesBuildPhase;
			buildActionMask = 2147483647;
			files = (
				4837DB361BF2006800CBA1F8 /* ViewController.swift in Sources */,
				4837DB341BF2006800CBA1F8 /* AppDelegate.swift in Sources */,
			);
			runOnlyForDeploymentPostprocessing = 0;
		};
		4837DB401BF2006800CBA1F8 /* Sources */ = {
			isa = PBXSourcesBuildPhase;
			buildActionMask = 2147483647;
			files = (
				4837DB491BF2006800CBA1F8 /* Session1CodeChallenge3Tests.swift in Sources */,
			);
			runOnlyForDeploymentPostprocessing = 0;
		};
/* End PBXSourcesBuildPhase section */

/* Begin PBXTargetDependency section */
		4837DB461BF2006800CBA1F8 /* PBXTargetDependency */ = {
			isa = PBXTargetDependency;
			target = 4837DB2F1BF2006800CBA1F8 /* Session1CodeChallenge3 */;
			targetProxy = 4837DB451BF2006800CBA1F8 /* PBXContainerItemProxy */;
		};
/* End PBXTargetDependency section */

/* Begin PBXVariantGroup section */
		4837DB371BF2006800CBA1F8 /* Main.storyboard */ = {
			isa = PBXVariantGroup;
			children = (
				4837DB381BF2006800CBA1F8 /* Base */,
			);
			name = Main.storyboard;
			sourceTree = "<group>";
		};
		4837DB3C1BF2006800CBA1F8 /* LaunchScreen.storyboard */ = {
			isa = PBXVariantGroup;
			children = (
				4837DB3D1BF2006800CBA1F8 /* Base */,
			);
			name = LaunchScreen.storyboard;
			sourceTree = "<group>";
		};
/* End PBXVariantGroup section */

/* Begin XCBuildConfiguration section */
		4837DB4B1BF2006800CBA1F8 /* Debug */ = {
			isa = XCBuildConfiguration;
			buildSettings = {
				ALWAYS_SEARCH_USER_PATHS = NO;
				CLANG_CXX_LANGUAGE_STANDARD = "gnu++0x";
				CLANG_CXX_LIBRARY = "libc++";
				CLANG_ENABLE_MODULES = YES;
				CLANG_ENABLE_OBJC_ARC = YES;
				CLANG_WARN_BOOL_CONVERSION = YES;
				CLANG_WARN_CONSTANT_CONVERSION = YES;
				CLANG_WARN_DIRECT_OBJC_ISA_USAGE = YES_ERROR;
				CLANG_WARN_EMPTY_BODY = YES;
				CLANG_WARN_ENUM_CONVERSION = YES;
				CLANG_WARN_INT_CONVERSION = YES;
				CLANG_WARN_OBJC_ROOT_CLASS = YES_ERROR;
				CLANG_WARN_UNREACHABLE_CODE = YES;
				CLANG_WARN__DUPLICATE_METHOD_MATCH = YES;
				"CODE_SIGN_IDENTITY[sdk=iphoneos*]" = "iPhone Developer";
				COPY_PHASE_STRIP = NO;
				DEBUG_INFORMATION_FORMAT = dwarf;
				ENABLE_STRICT_OBJC_MSGSEND = YES;
				ENABLE_TESTABILITY = YES;
				GCC_C_LANGUAGE_STANDARD = gnu99;
				GCC_DYNAMIC_NO_PIC = NO;
				GCC_NO_COMMON_BLOCKS = YES;
				GCC_OPTIMIZATION_LEVEL = 0;
				GCC_PREPROCESSOR_DEFINITIONS = (
					"DEBUG=1",
					"$(inherited)",
				);
				GCC_WARN_64_TO_32_BIT_CONVERSION = YES;
				GCC_WARN_ABOUT_RETURN_TYPE = YES_ERROR;
				GCC_WARN_UNDECLARED_SELECTOR = YES;
				GCC_WARN_UNINITIALIZED_AUTOS = YES_AGGRESSIVE;
				GCC_WARN_UNUSED_FUNCTION = YES;
				GCC_WARN_UNUSED_VARIABLE = YES;
				IPHONEOS_DEPLOYMENT_TARGET = 9.1;
				MTL_ENABLE_DEBUG_INFO = YES;
				ONLY_ACTIVE_ARCH = YES;
				SDKROOT = iphoneos;
				SWIFT_OPTIMIZATION_LEVEL = "-Onone";
			};
			name = Debug;
		};
		4837DB4C1BF2006800CBA1F8 /* Release */ = {
			isa = XCBuildConfiguration;
			buildSettings = {
				ALWAYS_SEARCH_USER_PATHS = NO;
				CLANG_CXX_LANGUAGE_STANDARD = "gnu++0x";
				CLANG_CXX_LIBRARY = "libc++";
				CLANG_ENABLE_MODULES = YES;
				CLANG_ENABLE_OBJC_ARC = YES;
				CLANG_WARN_BOOL_CONVERSION = YES;
				CLANG_WARN_CONSTANT_CONVERSION = YES;
				CLANG_WARN_DIRECT_OBJC_ISA_USAGE = YES_ERROR;
				CLANG_WARN_EMPTY_BODY = YES;
				CLANG_WARN_ENUM_CONVERSION = YES;
				CLANG_WARN_INT_CONVERSION = YES;
				CLANG_WARN_OBJC_ROOT_CLASS = YES_ERROR;
				CLANG_WARN_UNREACHABLE_CODE = YES;
				CLANG_WARN__DUPLICATE_METHOD_MATCH = YES;
				"CODE_SIGN_IDENTITY[sdk=iphoneos*]" = "iPhone Developer";
				COPY_PHASE_STRIP = NO;
				DEBUG_INFORMATION_FORMAT = "dwarf-with-dsym";
				ENABLE_NS_ASSERTIONS = NO;
				ENABLE_STRICT_OBJC_MSGSEND = YES;
				GCC_C_LANGUAGE_STANDARD = gnu99;
				GCC_NO_COMMON_BLOCKS = YES;
				GCC_WARN_64_TO_32_BIT_CONVERSION = YES;
				GCC_WARN_ABOUT_RETURN_TYPE = YES_ERROR;
				GCC_WARN_UNDECLARED_SELECTOR = YES;
				GCC_WARN_UNINITIALIZED_AUTOS = YES_AGGRESSIVE;
				GCC_WARN_UNUSED_FUNCTION = YES;
				GCC_WARN_UNUSED_VARIABLE = YES;
				IPHONEOS_DEPLOYMENT_TARGET = 9.1;
				MTL_ENABLE_DEBUG_INFO = NO;
				SDKROOT = iphoneos;
				VALIDATE_PRODUCT = YES;
			};
			name = Release;
		};
		4837DB4E1BF2006800CBA1F8 /* Debug */ = {
			isa = XCBuildConfiguration;
			buildSettings = {
				ASSETCATALOG_COMPILER_APPICON_NAME = AppIcon;
				INFOPLIST_FILE = Session1CodeChallenge3/Info.plist;
				LD_RUNPATH_SEARCH_PATHS = "$(inherited) @executable_path/Frameworks";
				PRODUCT_BUNDLE_IDENTIFIER = com.rshankar.Session1CodeChallenge3;
				PRODUCT_NAME = "$(TARGET_NAME)";
			};
			name = Debug;
		};
		4837DB4F1BF2006800CBA1F8 /* Release */ = {
			isa = XCBuildConfiguration;
			buildSettings = {
				ASSETCATALOG_COMPILER_APPICON_NAME = AppIcon;
				INFOPLIST_FILE = Session1CodeChallenge3/Info.plist;
				LD_RUNPATH_SEARCH_PATHS = "$(inherited) @executable_path/Frameworks";
				PRODUCT_BUNDLE_IDENTIFIER = com.rshankar.Session1CodeChallenge3;
				PRODUCT_NAME = "$(TARGET_NAME)";
			};
			name = Release;
		};
		4837DB511BF2006800CBA1F8 /* Debug */ = {
			isa = XCBuildConfiguration;
			buildSettings = {
				BUNDLE_LOADER = "$(TEST_HOST)";
				INFOPLIST_FILE = Session1CodeChallenge3Tests/Info.plist;
				LD_RUNPATH_SEARCH_PATHS = "$(inherited) @executable_path/Frameworks @loader_path/Frameworks";
				PRODUCT_BUNDLE_IDENTIFIER = com.rshankar.Session1CodeChallenge3Tests;
				PRODUCT_NAME = "$(TARGET_NAME)";
				TEST_HOST = "$(BUILT_PRODUCTS_DIR)/Session1CodeChallenge3.app/Session1CodeChallenge3";
			};
			name = Debug;
		};
		4837DB521BF2006800CBA1F8 /* Release */ = {
			isa = XCBuildConfiguration;
			buildSettings = {
				BUNDLE_LOADER = "$(TEST_HOST)";
				INFOPLIST_FILE = Session1CodeChallenge3Tests/Info.plist;
				LD_RUNPATH_SEARCH_PATHS = "$(inherited) @executable_path/Frameworks @loader_path/Frameworks";
				PRODUCT_BUNDLE_IDENTIFIER = com.rshankar.Session1CodeChallenge3Tests;
				PRODUCT_NAME = "$(TARGET_NAME)";
				TEST_HOST = "$(BUILT_PRODUCTS_DIR)/Session1CodeChallenge3.app/Session1CodeChallenge3";
			};
			name = Release;
		};
/* End XCBuildConfiguration section */

/* Begin XCConfigurationList section */
		4837DB2B1BF2006800CBA1F8 /* Build configuration list for PBXProject "Session1CodeChallenge3" */ = {
			isa = XCConfigurationList;
			buildConfigurations = (
				4837DB4B1BF2006800CBA1F8 /* Debug */,
				4837DB4C1BF2006800CBA1F8 /* Release */,
			);
			defaultConfigurationIsVisible = 0;
			defaultConfigurationName = Release;
		};
		4837DB4D1BF2006800CBA1F8 /* Build configuration list for PBXNativeTarget "Session1CodeChallenge3" */ = {
			isa = XCConfigurationList;
			buildConfigurations = (
				4837DB4E1BF2006800CBA1F8 /* Debug */,
				4837DB4F1BF2006800CBA1F8 /* Release */,
			);
			defaultConfigurationIsVisible = 0;
		};
		4837DB501BF2006800CBA1F8 /* Build configuration list for PBXNativeTarget "Session1CodeChallenge3Tests" */ = {
			isa = XCConfigurationList;
			buildConfigurations = (
				4837DB511BF2006800CBA1F8 /* Debug */,
				4837DB521BF2006800CBA1F8 /* Release */,
			);
			defaultConfigurationIsVisible = 0;
		};
/* End XCConfigurationList section */
	};
	rootObject = 4837DB281BF2006800CBA1F8 /* Project object */;
}
